
Microsoft Visual Studio Solution File, Format Version 12.00
# Visual Studio Version 17
VisualStudioVersion = 17.10.35027.167
MinimumVisualStudioVersion = 10.0.40219.1
Project("{FAE04EC0-301F-11D3-BF4B-00C04F79EFBC}") = "Assignment3WebAPI", "Assignment3WebAPI\Assignment3WebAPI.csproj", "{DC677EC1-5D3D-490A-8B35-EB796D51FE64}"
EndProject
Global
	GlobalSection(SolutionConfigurationPlatforms) = preSolution
		Debug|Any CPU = Debug|Any CPU
		Release|Any CPU = Release|Any CPU
	EndGlobalSection
	GlobalSection(ProjectConfigurationPlatforms) = postSolution
		{DC677EC1-5D3D-490A-8B35-EB796D51FE64}.Debug|Any CPU.ActiveCfg = Debug|Any CPU
		{DC677EC1-5D3D-490A-8B35-EB796D51FE64}.Debug|Any CPU.Build.0 = Debug|Any CPU
		{DC677EC1-5D3D-490A-8B35-EB796D51FE64}.Release|Any CPU.ActiveCfg = Release|Any CPU
		{DC677EC1-5D3D-490A-8B35-EB796D51FE64}.Release|Any CPU.Build.0 = Release|Any CPU
	EndGlobalSection
	GlobalSection(SolutionProperties) = preSolution
		HideSolutionNode = FALSE
	EndGlobalSection
	GlobalSection(ExtensibilityGlobals) = postSolution
		SolutionGuid = {4AC20EFA-7D36-41C2-BF03-829BB1D47065}
	EndGlobalSection
EndGlobal
